<?xml version="1.0" encoding="utf-8"?>
<Project ToolsVersion="4.0" xmlns="http://schemas.microsoft.com/developer/msbuild/2003">
  <ItemGroup>
    <Filter Include="Precompiled Headers">
      <UniqueIdentifier>{0221edb6-70ca-4a20-9c5b-03bb73331cfe}</UniqueIdentifier>
    </Filter>
  </ItemGroup>
  <ItemGroup>
    <ClCompile Include="stdafx.cpp">
      <Filter>Precompiled Headers</Filter>
    </ClCompile>
    <ClCompile Include="ManualResetEvent.cpp" />
    <ClCompile Include="ResetEvent.cpp" />
    <ClCompile Include="Stopwatch.cpp" />
    <ClCompile Include="CountdownEvent.cpp" />
    <ClCompile Include="ScopeExitFunctor.cpp" />
    <ClCompile Include="LatencyRecorder.cpp" />
  </ItemGroup>
  <ItemGroup>
    <ClInclude Include="stdafx.h">
      <Filter>Precompiled Headers</Filter>
    </ClInclude>
    <ClInclude Include="targetver.h">
      <Filter>Precompiled Headers</Filter>
    </ClInclude>
    <ClInclude Include="ManualResetEvent.h" />
    <ClInclude Include="ResetEvent.h" />
    <ClInclude Include="Stopwatch.h" />
    <ClInclude Include="CountdownEvent.h" />
    <ClInclude Include="ScopeExitFunctor.h" />
    <ClInclude Include="DurationHumanizer.h" />
    <ClInclude Include="DurationUnit.h" />
    <ClInclude Include="HumanNumberFacet.h" />
    <ClInclude Include="LatencyRecorder.h" />
  </ItemGroup>
  <ItemGroup>
    <Text Include="CMakeLists.txt" />
  </ItemGroup>
</Project>